{
    "_readme": [
        "This file locks the dependencies of your project to a known state",
        "Read more about it at https://getcomposer.org/doc/01-basic-usage.md#composer-lock-the-lock-file",
        "This file is @generated automatically"
    ],
    "content-hash": "cc9d6c645ab1a3aeb6ff3ba0d028bb8b",
    "packages": [
        {
            "name": "go1/neo4j-builder",
            "version": "dev-master",
            "source": {
                "type": "git",
                "url": "https://github.com/go1com/neo4j_builder.git",
                "reference": "c26e0771475baef98319b076407ea8e0a292046b"
            },
            "dist": {
                "type": "zip",
                "url": "https://api.github.com/repos/go1com/neo4j_builder/zipball/c26e0771475baef98319b076407ea8e0a292046b",
                "reference": "c26e0771475baef98319b076407ea8e0a292046b",
                "shasum": ""
            },
            "type": "library",
            "autoload": {
                "psr-4": {
                    "go1\\neo4j_builder\\": "./"
                }
            },
            "notification-url": "https://packagist.org/downloads/",
            "license": [
                "MIT"
            ],
            "time": "2017-11-22 04:16:14"
        }
    ],
    "packages-dev": [],
    "aliases": [],
    "minimum-stability": "dev",
    "stability-flags": {
        "go1/neo4j-builder": 20
    },
    "prefer-stable": false,
    "prefer-lowest": false,
    "platform": [],
    "platform-dev": []
}
